
Microsoft Visual Studio Solution File, Format Version 12.00
# Visual Studio Version 17
VisualStudioVersion = 17.9.34728.123
MinimumVisualStudioVersion = 10.0.40219.1
Project("{9A19103F-16F7-4668-BE54-9A1E7A4F7556}") = "eCommerce.API", "eCommerce.API\eCommerce.API.csproj", "{256FF155-F1EE-4C4F-A8F6-C1D77592BDCB}"
EndProject
Global
	GlobalSection(SolutionConfigurationPlatforms) = preSolution
		Debug|Any CPU = Debug|Any CPU
		Release|Any CPU = Release|Any CPU
	EndGlobalSection
	GlobalSection(ProjectConfigurationPlatforms) = postSolution
		{256FF155-F1EE-4C4F-A8F6-C1D77592BDCB}.Debug|Any CPU.ActiveCfg = Debug|Any CPU
		{256FF155-F1EE-4C4F-A8F6-C1D77592BDCB}.Debug|Any CPU.Build.0 = Debug|Any CPU
		{256FF155-F1EE-4C4F-A8F6-C1D77592BDCB}.Release|Any CPU.ActiveCfg = Release|Any CPU
		{256FF155-F1EE-4C4F-A8F6-C1D77592BDCB}.Release|Any CPU.Build.0 = Release|Any CPU
	EndGlobalSection
	GlobalSection(SolutionProperties) = preSolution
		HideSolutionNode = FALSE
	EndGlobalSection
	GlobalSection(ExtensibilityGlobals) = postSolution
		SolutionGuid = {50D0B01D-146F-415E-81DE-CA250FC67D0E}
	EndGlobalSection
EndGlobal
